// !$*UTF8*$!
{
	archiveVersion = 1;
	classes = {
	};
	objectVersion = 77;
	objects = {

/* Begin PBXBuildFile section */
		BE1AF66A2E1315D600DB8C44 /* CmdBacktickMonitor.swift in Sources */ = {isa = PBXBuildFile; fileRef = BE1AF6692E1315D400DB8C44 /* CmdBacktickMonitor.swift */; };
		BE1AF66C2E131C5F00DB8C44 /* MenuBarManager.swift in Sources */ = {isa = PBXBuildFile; fileRef = BE1AF66B2E131C5F00DB8C44 /* MenuBarManager.swift */; };
		BE5209C62E117A010048CC49 /* CheckForUpdates.swift in Sources */ = {isa = PBXBuildFile; fileRef = BE5209C52E1179FB0048CC49 /* CheckForUpdates.swift */; };
		BE5209C92E117B560048CC49 /* Defaults in Frameworks */ = {isa = PBXBuildFile; productRef = BE5209C82E117B560048CC49 /* Defaults */; };
		BE5209CB2E117B560048CC49 /* DefaultsMacros in Frameworks */ = {isa = PBXBuildFile; productRef = BE5209CA2E117B560048CC49 /* DefaultsMacros */; };
		BE5209CE2E117BBC0048CC49 /* Sparkle in Frameworks */ = {isa = PBXBuildFile; productRef = BE5209CD2E117BBC0048CC49 /* Sparkle */; };
		BE5209D22E117C2A0048CC49 /* AutoUpdateManager.swift in Sources */ = {isa = PBXBuildFile; fileRef = BE5209D12E117C2A0048CC49 /* AutoUpdateManager.swift */; };
		BE5209D52E117C790048CC49 /* Version in Frameworks */ = {isa = PBXBuildFile; productRef = BE5209D42E117C790048CC49 /* Version */; };
		BE5209D72E1183AF0048CC49 /* Config.xcconfig in Resources */ = {isa = PBXBuildFile; fileRef = BE5209D62E1183AF0048CC49 /* Config.xcconfig */; };
		BE5209D92E1185CF0048CC49 /* FormViewModifier.swift in Sources */ = {isa = PBXBuildFile; fileRef = BE5209D82E1185CF0048CC49 /* FormViewModifier.swift */; };
		BE5209E92E1189E80048CC49 /* SettingsView.swift in Sources */ = {isa = PBXBuildFile; fileRef = BE5209E82E1189E80048CC49 /* SettingsView.swift */; };
		BE5209EB2E11A1270048CC49 /* TabLift.swift in Sources */ = {isa = PBXBuildFile; fileRef = BE5209EA2E11A1270048CC49 /* TabLift.swift */; };
		BE83CD3C2E0EDC2500DF73E8 /* AccessibilityPermission.swift in Sources */ = {isa = PBXBuildFile; fileRef = BE83CD3B2E0EDC2500DF73E8 /* AccessibilityPermission.swift */; };
		BE83CD3E2E0EDC2E00DF73E8 /* AccessibilityPermissionWindow.swift in Sources */ = {isa = PBXBuildFile; fileRef = BE83CD3D2E0EDC2E00DF73E8 /* AccessibilityPermissionWindow.swift */; };
		BE83CD402E0EDC5B00DF73E8 /* AccessibilityPermissionView.swift in Sources */ = {isa = PBXBuildFile; fileRef = BE83CD3F2E0EDC5B00DF73E8 /* AccessibilityPermissionView.swift */; };
		BE83CD422E0EDC8600DF73E8 /* HyperLink.swift in Sources */ = {isa = PBXBuildFile; fileRef = BE83CD412E0EDC8600DF73E8 /* HyperLink.swift */; };
		BE83CD462E0EDD2800DF73E8 /* NSWindow.swift in Sources */ = {isa = PBXBuildFile; fileRef = BE83CD452E0EDD2800DF73E8 /* NSWindow.swift */; };
		BEB9B6592E2F523E00A7456D /* MenuBarContentView.swift in Sources */ = {isa = PBXBuildFile; fileRef = BEB9B6582E2F523E00A7456D /* MenuBarContentView.swift */; };
		BEE1EC4D2E062CD500D8CE5F /* AppMonitor.swift in Sources */ = {isa = PBXBuildFile; fileRef = BEE1EC482E062CD500D8CE5F /* AppMonitor.swift */; };
		BEE1EC4F2E062CD500D8CE5F /* WindowManager.swift in Sources */ = {isa = PBXBuildFile; fileRef = BEE1EC4B2E062CD500D8CE5F /* WindowManager.swift */; };
		BEE1EC502E062CD500D8CE5F /* TabLiftApp.swift in Sources */ = {isa = PBXBuildFile; fileRef = BEE1EC4A2E062CD500D8CE5F /* TabLiftApp.swift */; };
		BEE1EC532E062CD500D8CE5F /* Assets.xcassets in Resources */ = {isa = PBXBuildFile; fileRef = BEE1EC452E062CD500D8CE5F /* Assets.xcassets */; };
/* End PBXBuildFile section */

/* Begin PBXFileReference section */
		BE1AF6692E1315D400DB8C44 /* CmdBacktickMonitor.swift */ = {isa = PBXFileReference; lastKnownFileType = sourcecode.swift; path = CmdBacktickMonitor.swift; sourceTree = "<group>"; };
		BE1AF66B2E131C5F00DB8C44 /* MenuBarManager.swift */ = {isa = PBXFileReference; lastKnownFileType = sourcecode.swift; path = MenuBarManager.swift; sourceTree = "<group>"; };
		BE5209C52E1179FB0048CC49 /* CheckForUpdates.swift */ = {isa = PBXFileReference; lastKnownFileType = sourcecode.swift; path = CheckForUpdates.swift; sourceTree = "<group>"; };
		BE5209D12E117C2A0048CC49 /* AutoUpdateManager.swift */ = {isa = PBXFileReference; lastKnownFileType = sourcecode.swift; path = AutoUpdateManager.swift; sourceTree = "<group>"; };
		BE5209D62E1183AF0048CC49 /* Config.xcconfig */ = {isa = PBXFileReference; lastKnownFileType = text.xcconfig; name = Config.xcconfig; path = Sources/Config.xcconfig; sourceTree = "<group>"; };
		BE5209D82E1185CF0048CC49 /* FormViewModifier.swift */ = {isa = PBXFileReference; lastKnownFileType = sourcecode.swift; path = FormViewModifier.swift; sourceTree = "<group>"; };
		BE5209DE2E1187D80048CC49 /* SchemeIndicator.swift */ = {isa = PBXFileReference; lastKnownFileType = sourcecode.swift; path = SchemeIndicator.swift; sourceTree = "<group>"; };
		BE5209E82E1189E80048CC49 /* SettingsView.swift */ = {isa = PBXFileReference; lastKnownFileType = sourcecode.swift; path = SettingsView.swift; sourceTree = "<group>"; };
		BE5209EA2E11A1270048CC49 /* TabLift.swift */ = {isa = PBXFileReference; lastKnownFileType = sourcecode.swift; path = TabLift.swift; sourceTree = "<group>"; };
		BE5209EC2E11A2FD0048CC49 /* TabLift.entitlements */ = {isa = PBXFileReference; lastKnownFileType = text.plist.entitlements; path = TabLift.entitlements; sourceTree = "<group>"; };
		BE83CD3B2E0EDC2500DF73E8 /* AccessibilityPermission.swift */ = {isa = PBXFileReference; lastKnownFileType = sourcecode.swift; path = AccessibilityPermission.swift; sourceTree = "<group>"; };
		BE83CD3D2E0EDC2E00DF73E8 /* AccessibilityPermissionWindow.swift */ = {isa = PBXFileReference; lastKnownFileType = sourcecode.swift; path = AccessibilityPermissionWindow.swift; sourceTree = "<group>"; };
		BE83CD3F2E0EDC5B00DF73E8 /* AccessibilityPermissionView.swift */ = {isa = PBXFileReference; lastKnownFileType = sourcecode.swift; path = AccessibilityPermissionView.swift; sourceTree = "<group>"; };
		BE83CD412E0EDC8600DF73E8 /* HyperLink.swift */ = {isa = PBXFileReference; lastKnownFileType = sourcecode.swift; path = HyperLink.swift; sourceTree = "<group>"; };
		BE83CD452E0EDD2800DF73E8 /* NSWindow.swift */ = {isa = PBXFileReference; lastKnownFileType = sourcecode.swift; path = NSWindow.swift; sourceTree = "<group>"; };
		BEB9B6582E2F523E00A7456D /* MenuBarContentView.swift */ = {isa = PBXFileReference; lastKnownFileType = sourcecode.swift; path = MenuBarContentView.swift; sourceTree = "<group>"; };
		BEBC5E4A2E05826B004B38DB /* TabLift.app */ = {isa = PBXFileReference; explicitFileType = wrapper.application; includeInIndex = 0; path = TabLift.app; sourceTree = BUILT_PRODUCTS_DIR; };
		BEE1EC452E062CD500D8CE5F /* Assets.xcassets */ = {isa = PBXFileReference; lastKnownFileType = folder.assetcatalog; path = Assets.xcassets; sourceTree = "<group>"; };
		BEE1EC462E062CD500D8CE5F /* Info.plist */ = {isa = PBXFileReference; lastKnownFileType = text.plist.xml; path = Info.plist; sourceTree = "<group>"; };
		BEE1EC482E062CD500D8CE5F /* AppMonitor.swift */ = {isa = PBXFileReference; lastKnownFileType = sourcecode.swift; path = AppMonitor.swift; sourceTree = "<group>"; };
		BEE1EC4A2E062CD500D8CE5F /* TabLiftApp.swift */ = {isa = PBXFileReference; lastKnownFileType = sourcecode.swift; path = TabLiftApp.swift; sourceTree = "<group>"; };
		BEE1EC4B2E062CD500D8CE5F /* WindowManager.swift */ = {isa = PBXFileReference; lastKnownFileType = sourcecode.swift; path = WindowManager.swift; sourceTree = "<group>"; };
/* End PBXFileReference section */

/* Begin PBXFrameworksBuildPhase section */
		BEBC5E472E05826B004B38DB /* Frameworks */ = {
			isa = PBXFrameworksBuildPhase;
			buildActionMask = 2147483647;
			files = (
				BE5209CE2E117BBC0048CC49 /* Sparkle in Frameworks */,
				BE5209D52E117C790048CC49 /* Version in Frameworks */,
				BE5209C92E117B560048CC49 /* Defaults in Frameworks */,
				BE5209CB2E117B560048CC49 /* DefaultsMacros in Frameworks */,
			);
			runOnlyForDeploymentPostprocessing = 0;
		};
/* End PBXFrameworksBuildPhase section */

/* Begin PBXGroup section */
		BEBC5E412E05826B004B38DB = {
			isa = PBXGroup;
			children = (
				BE5209D62E1183AF0048CC49 /* Config.xcconfig */,
				BEE1EC452E062CD500D8CE5F /* Assets.xcassets */,
				BEE1EC462E062CD500D8CE5F /* Info.plist */,
				BE5209EC2E11A2FD0048CC49 /* TabLift.entitlements */,
				BEE1EC4C2E062CD500D8CE5F /* Sources */,
				BEBC5E4B2E05826B004B38DB /* Products */,
			);
			sourceTree = "<group>";
		};
		BEBC5E4B2E05826B004B38DB /* Products */ = {
			isa = PBXGroup;
			children = (
				BEBC5E4A2E05826B004B38DB /* TabLift.app */,
				BE5209DE2E1187D80048CC49 /* SchemeIndicator.swift */,
			);
			name = Products;
			sourceTree = "<group>";
		};
		BEE1EC4C2E062CD500D8CE5F /* Sources */ = {
			isa = PBXGroup;
			children = (
				BE5209C52E1179FB0048CC49 /* CheckForUpdates.swift */,
				BE5209E82E1189E80048CC49 /* SettingsView.swift */,
				BEE1EC482E062CD500D8CE5F /* AppMonitor.swift */,
				BE5209D82E1185CF0048CC49 /* FormViewModifier.swift */,
				BEE1EC4A2E062CD500D8CE5F /* TabLiftApp.swift */,
				BEE1EC4B2E062CD500D8CE5F /* WindowManager.swift */,
				BE1AF6692E1315D400DB8C44 /* CmdBacktickMonitor.swift */,
				BE1AF66B2E131C5F00DB8C44 /* MenuBarManager.swift */,
				BEB9B6582E2F523E00A7456D /* MenuBarContentView.swift */,
				BE83CD3B2E0EDC2500DF73E8 /* AccessibilityPermission.swift */,
				BE83CD3D2E0EDC2E00DF73E8 /* AccessibilityPermissionWindow.swift */,
				BE83CD3F2E0EDC5B00DF73E8 /* AccessibilityPermissionView.swift */,
				BE5209EA2E11A1270048CC49 /* TabLift.swift */,
				BE83CD412E0EDC8600DF73E8 /* HyperLink.swift */,
				BE83CD452E0EDD2800DF73E8 /* NSWindow.swift */,
				BE5209D12E117C2A0048CC49 /* AutoUpdateManager.swift */,
			);
			path = Sources;
			sourceTree = "<group>";
		};
/* End PBXGroup section */

/* Begin PBXNativeTarget section */
		BEBC5E492E05826B004B38DB /* TabLift */ = {
			isa = PBXNativeTarget;
			buildConfigurationList = BEBC5E6B2E05826C004B38DB /* Build configuration list for PBXNativeTarget "TabLift" */;
			buildPhases = (
				BEBC5E462E05826B004B38DB /* Sources */,
				BEBC5E472E05826B004B38DB /* Frameworks */,
				BEBC5E482E05826B004B38DB /* Resources */,
			);
			buildRules = (
			);
			dependencies = (
			);
			name = TabLift;
			packageProductDependencies = (
				BE5209C82E117B560048CC49 /* Defaults */,
				BE5209CA2E117B560048CC49 /* DefaultsMacros */,
				BE5209CD2E117BBC0048CC49 /* Sparkle */,
				BE5209D42E117C790048CC49 /* Version */,
			);
			productName = TabLift;
			productReference = BEBC5E4A2E05826B004B38DB /* TabLift.app */;
			productType = "com.apple.product-type.application";
		};
/* End PBXNativeTarget section */

/* Begin PBXProject section */
		BEBC5E422E05826B004B38DB /* Project object */ = {
			isa = PBXProject;
			attributes = {
				BuildIndependentTargetsInParallel = 1;
				LastSwiftUpdateCheck = 2600;
				LastUpgradeCheck = 2600;
				TargetAttributes = {
					BEBC5E492E05826B004B38DB = {
						CreatedOnToolsVersion = 26.0;
					};
				};
			};
			buildConfigurationList = BEBC5E452E05826B004B38DB /* Build configuration list for PBXProject "TabLift" */;
			developmentRegion = en;
			hasScannedForEncodings = 0;
			knownRegions = (
				en,
				Base,
			);
			mainGroup = BEBC5E412E05826B004B38DB;
			minimizedProjectReferenceProxies = 1;
			packageReferences = (
				BE5209C72E117B560048CC49 /* XCRemoteSwiftPackageReference "Defaults" */,
				BE5209CC2E117BBC0048CC49 /* XCRemoteSwiftPackageReference "Sparkle" */,
				BE5209D32E117C790048CC49 /* XCRemoteSwiftPackageReference "Version" */,
			);
			preferredProjectObjectVersion = 77;
			productRefGroup = BEBC5E4B2E05826B004B38DB /* Products */;
			projectDirPath = "";
			projectRoot = "";
			targets = (
				BEBC5E492E05826B004B38DB /* TabLift */,
			);
		};
/* End PBXProject section */

/* Begin PBXResourcesBuildPhase section */
		BEBC5E482E05826B004B38DB /* Resources */ = {
			isa = PBXResourcesBuildPhase;
			buildActionMask = 2147483647;
			files = (
				BE5209D72E1183AF0048CC49 /* Config.xcconfig in Resources */,
				BEE1EC532E062CD500D8CE5F /* Assets.xcassets in Resources */,
			);
			runOnlyForDeploymentPostprocessing = 0;
		};
/* End PBXResourcesBuildPhase section */

/* Begin PBXSourcesBuildPhase section */
		BEBC5E462E05826B004B38DB /* Sources */ = {
			isa = PBXSourcesBuildPhase;
			buildActionMask = 2147483647;
			files = (
				BE83CD462E0EDD2800DF73E8 /* NSWindow.swift in Sources */,
				BE83CD402E0EDC5B00DF73E8 /* AccessibilityPermissionView.swift in Sources */,
				BEE1EC4D2E062CD500D8CE5F /* AppMonitor.swift in Sources */,
				BE5209D22E117C2A0048CC49 /* AutoUpdateManager.swift in Sources */,
				BE5209E92E1189E80048CC49 /* SettingsView.swift in Sources */,
				BE83CD422E0EDC8600DF73E8 /* HyperLink.swift in Sources */,
				BE1AF66C2E131C5F00DB8C44 /* MenuBarManager.swift in Sources */,
				BEE1EC4F2E062CD500D8CE5F /* WindowManager.swift in Sources */,
				BEB9B6592E2F523E00A7456D /* MenuBarContentView.swift in Sources */,
				BE1AF66A2E1315D600DB8C44 /* CmdBacktickMonitor.swift in Sources */,
				BE5209C62E117A010048CC49 /* CheckForUpdates.swift in Sources */,
				BEE1EC502E062CD500D8CE5F /* TabLiftApp.swift in Sources */,
				BE83CD3C2E0EDC2500DF73E8 /* AccessibilityPermission.swift in Sources */,
				BE5209EB2E11A1270048CC49 /* TabLift.swift in Sources */,
				BE83CD3E2E0EDC2E00DF73E8 /* AccessibilityPermissionWindow.swift in Sources */,
				BE5209D92E1185CF0048CC49 /* FormViewModifier.swift in Sources */,
			);
			runOnlyForDeploymentPostprocessing = 0;
		};
/* End PBXSourcesBuildPhase section */

/* Begin XCBuildConfiguration section */
		BEBC5E692E05826C004B38DB /* Debug */ = {
			isa = XCBuildConfiguration;
			buildSettings = {
				ALWAYS_SEARCH_USER_PATHS = NO;
				ASSETCATALOG_COMPILER_GENERATE_SWIFT_ASSET_SYMBOL_EXTENSIONS = YES;
				CLANG_ANALYZER_NONNULL = YES;
				CLANG_ANALYZER_NUMBER_OBJECT_CONVERSION = YES_AGGRESSIVE;
				CLANG_CXX_LANGUAGE_STANDARD = "gnu++20";
				CLANG_ENABLE_MODULES = YES;
				CLANG_ENABLE_OBJC_ARC = YES;
				CLANG_ENABLE_OBJC_WEAK = YES;
				CLANG_WARN_BLOCK_CAPTURE_AUTORELEASING = YES;
				CLANG_WARN_BOOL_CONVERSION = YES;
				CLANG_WARN_COMMA = YES;
				CLANG_WARN_CONSTANT_CONVERSION = YES;
				CLANG_WARN_DEPRECATED_OBJC_IMPLEMENTATIONS = YES;
				CLANG_WARN_DIRECT_OBJC_ISA_USAGE = YES_ERROR;
				CLANG_WARN_DOCUMENTATION_COMMENTS = YES;
				CLANG_WARN_EMPTY_BODY = YES;
				CLANG_WARN_ENUM_CONVERSION = YES;
				CLANG_WARN_INFINITE_RECURSION = YES;
				CLANG_WARN_INT_CONVERSION = YES;
				CLANG_WARN_NON_LITERAL_NULL_CONVERSION = YES;
				CLANG_WARN_OBJC_IMPLICIT_RETAIN_SELF = YES;
				CLANG_WARN_OBJC_LITERAL_CONVERSION = YES;
				CLANG_WARN_OBJC_ROOT_CLASS = YES_ERROR;
				CLANG_WARN_QUOTED_INCLUDE_IN_FRAMEWORK_HEADER = YES;
				CLANG_WARN_RANGE_LOOP_ANALYSIS = YES;
				CLANG_WARN_STRICT_PROTOTYPES = YES;
				CLANG_WARN_SUSPICIOUS_MOVE = YES;
				CLANG_WARN_UNGUARDED_AVAILABILITY = YES_AGGRESSIVE;
				CLANG_WARN_UNREACHABLE_CODE = YES;
				CLANG_WARN__DUPLICATE_METHOD_MATCH = YES;
				"CODE_SIGN_ENTITLEMENTS[sdk=*]" = "";
				COPY_PHASE_STRIP = NO;
				DEBUG_INFORMATION_FORMAT = dwarf;
				DEVELOPMENT_TEAM = 3VR9A5DCST;
				ENABLE_HARDENED_RUNTIME = YES;
				ENABLE_STRICT_OBJC_MSGSEND = YES;
				ENABLE_TESTABILITY = YES;
				ENABLE_USER_SCRIPT_SANDBOXING = YES;
				GCC_C_LANGUAGE_STANDARD = gnu17;
				GCC_DYNAMIC_NO_PIC = NO;
				GCC_NO_COMMON_BLOCKS = YES;
				GCC_OPTIMIZATION_LEVEL = 0;
				GCC_PREPROCESSOR_DEFINITIONS = (
					"DEBUG=1",
					"$(inherited)",
				);
				GCC_WARN_64_TO_32_BIT_CONVERSION = YES;
				GCC_WARN_ABOUT_RETURN_TYPE = YES_ERROR;
				GCC_WARN_UNDECLARED_SELECTOR = YES;
				GCC_WARN_UNINITIALIZED_AUTOS = YES_AGGRESSIVE;
				GCC_WARN_UNUSED_FUNCTION = YES;
				GCC_WARN_UNUSED_VARIABLE = YES;
				LOCALIZATION_PREFERS_STRING_CATALOGS = YES;
				MTL_ENABLE_DEBUG_INFO = INCLUDE_SOURCE;
				MTL_FAST_MATH = YES;
				ONLY_ACTIVE_ARCH = YES;
				SWIFT_ACTIVE_COMPILATION_CONDITIONS = "DEBUG $(inherited)";
				SWIFT_OPTIMIZATION_LEVEL = "-Onone";
			};
			name = Debug;
		};
		BEBC5E6A2E05826C004B38DB /* Release */ = {
			isa = XCBuildConfiguration;
			buildSettings = {
				ALWAYS_SEARCH_USER_PATHS = NO;
				ASSETCATALOG_COMPILER_GENERATE_SWIFT_ASSET_SYMBOL_EXTENSIONS = YES;
				CLANG_ANALYZER_NONNULL = YES;
				CLANG_ANALYZER_NUMBER_OBJECT_CONVERSION = YES_AGGRESSIVE;
				CLANG_CXX_LANGUAGE_STANDARD = "gnu++20";
				CLANG_ENABLE_MODULES = YES;
				CLANG_ENABLE_OBJC_ARC = YES;
				CLANG_ENABLE_OBJC_WEAK = YES;
				CLANG_WARN_BLOCK_CAPTURE_AUTORELEASING = YES;
				CLANG_WARN_BOOL_CONVERSION = YES;
				CLANG_WARN_COMMA = YES;
				CLANG_WARN_CONSTANT_CONVERSION = YES;
				CLANG_WARN_DEPRECATED_OBJC_IMPLEMENTATIONS = YES;
				CLANG_WARN_DIRECT_OBJC_ISA_USAGE = YES_ERROR;
				CLANG_WARN_DOCUMENTATION_COMMENTS = YES;
				CLANG_WARN_EMPTY_BODY = YES;
				CLANG_WARN_ENUM_CONVERSION = YES;
				CLANG_WARN_INFINITE_RECURSION = YES;
				CLANG_WARN_INT_CONVERSION = YES;
				CLANG_WARN_NON_LITERAL_NULL_CONVERSION = YES;
				CLANG_WARN_OBJC_IMPLICIT_RETAIN_SELF = YES;
				CLANG_WARN_OBJC_LITERAL_CONVERSION = YES;
				CLANG_WARN_OBJC_ROOT_CLASS = YES_ERROR;
				CLANG_WARN_QUOTED_INCLUDE_IN_FRAMEWORK_HEADER = YES;
				CLANG_WARN_RANGE_LOOP_ANALYSIS = YES;
				CLANG_WARN_STRICT_PROTOTYPES = YES;
				CLANG_WARN_SUSPICIOUS_MOVE = YES;
				CLANG_WARN_UNGUARDED_AVAILABILITY = YES_AGGRESSIVE;
				CLANG_WARN_UNREACHABLE_CODE = YES;
				CLANG_WARN__DUPLICATE_METHOD_MATCH = YES;
				"CODE_SIGN_ENTITLEMENTS[sdk=*]" = "";
				COPY_PHASE_STRIP = NO;
				DEBUG_INFORMATION_FORMAT = "dwarf-with-dsym";
				DEVELOPMENT_TEAM = 3VR9A5DCST;
				ENABLE_HARDENED_RUNTIME = YES;
				ENABLE_NS_ASSERTIONS = NO;
				ENABLE_STRICT_OBJC_MSGSEND = YES;
				ENABLE_USER_SCRIPT_SANDBOXING = YES;
				GCC_C_LANGUAGE_STANDARD = gnu17;
				GCC_NO_COMMON_BLOCKS = YES;
				GCC_WARN_64_TO_32_BIT_CONVERSION = YES;
				GCC_WARN_ABOUT_RETURN_TYPE = YES_ERROR;
				GCC_WARN_UNDECLARED_SELECTOR = YES;
				GCC_WARN_UNINITIALIZED_AUTOS = YES_AGGRESSIVE;
				GCC_WARN_UNUSED_FUNCTION = YES;
				GCC_WARN_UNUSED_VARIABLE = YES;
				LOCALIZATION_PREFERS_STRING_CATALOGS = YES;
				MTL_ENABLE_DEBUG_INFO = NO;
				MTL_FAST_MATH = YES;
				SWIFT_COMPILATION_MODE = wholemodule;
			};
			name = Release;
		};
		BEBC5E6C2E05826C004B38DB /* Debug */ = {
			isa = XCBuildConfiguration;
			buildSettings = {
				ASSETCATALOG_COMPILER_APPICON_NAME = AppIcon;
				ASSETCATALOG_COMPILER_GLOBAL_ACCENT_COLOR_NAME = AccentColor;
				AUTOMATION_APPLE_EVENTS = NO;
				"CODE_SIGN_ENTITLEMENTS[sdk=*]" = TabLift.entitlements;
				"CODE_SIGN_IDENTITY[sdk=macosx*]" = "Apple Development";
				CODE_SIGN_STYLE = Automatic;
				CURRENT_PROJECT_VERSION = 1.8;
				DEVELOPMENT_TEAM = 3VR9A5DCST;
				ENABLE_APP_SANDBOX = NO;
				ENABLE_HARDENED_RUNTIME = YES;
				ENABLE_PREVIEWS = YES;
				ENABLE_RESOURCE_ACCESS_PHOTO_LIBRARY = NO;
				GENERATE_INFOPLIST_FILE = YES;
				INFOPLIST_FILE = Info.plist;
				INFOPLIST_KEY_LSApplicationCategoryType = "public.app-category.productivity";
				"INFOPLIST_KEY_UIApplicationSceneManifest_Generation[sdk=iphoneos*]" = YES;
				"INFOPLIST_KEY_UIApplicationSceneManifest_Generation[sdk=iphonesimulator*]" = YES;
				"INFOPLIST_KEY_UIApplicationSupportsIndirectInputEvents[sdk=iphoneos*]" = YES;
				"INFOPLIST_KEY_UIApplicationSupportsIndirectInputEvents[sdk=iphonesimulator*]" = YES;
				"INFOPLIST_KEY_UILaunchScreen_Generation[sdk=iphoneos*]" = YES;
				"INFOPLIST_KEY_UILaunchScreen_Generation[sdk=iphonesimulator*]" = YES;
				"INFOPLIST_KEY_UIStatusBarStyle[sdk=iphoneos*]" = UIStatusBarStyleDefault;
				"INFOPLIST_KEY_UIStatusBarStyle[sdk=iphonesimulator*]" = UIStatusBarStyleDefault;
				INFOPLIST_KEY_UISupportedInterfaceOrientations_iPad = "UIInterfaceOrientationPortrait UIInterfaceOrientationPortraitUpsideDown UIInterfaceOrientationLandscapeLeft UIInterfaceOrientationLandscapeRight";
				INFOPLIST_KEY_UISupportedInterfaceOrientations_iPhone = "UIInterfaceOrientationPortrait UIInterfaceOrientationLandscapeLeft UIInterfaceOrientationLandscapeRight";
				IPHONEOS_DEPLOYMENT_TARGET = 26.0;
				LD_RUNPATH_SEARCH_PATHS = "@executable_path/Frameworks";
				"LD_RUNPATH_SEARCH_PATHS[sdk=macosx*]" = "@executable_path/../Frameworks";
				MACOSX_DEPLOYMENT_TARGET = 13.5;
				MARKETING_VERSION = 1.8;
				PRODUCT_BUNDLE_IDENTIFIER = com.TabLift;
				PRODUCT_NAME = "$(TARGET_NAME)";
				REGISTER_APP_GROUPS = YES;
				RUNTIME_EXCEPTION_ALLOW_DYLD_ENVIRONMENT_VARIABLES = NO;
				RUNTIME_EXCEPTION_ALLOW_JIT = NO;
				RUNTIME_EXCEPTION_ALLOW_UNSIGNED_EXECUTABLE_MEMORY = NO;
				RUNTIME_EXCEPTION_DEBUGGING_TOOL = NO;
				RUNTIME_EXCEPTION_DISABLE_EXECUTABLE_PAGE_PROTECTION = NO;
				RUNTIME_EXCEPTION_DISABLE_LIBRARY_VALIDATION = NO;
				SDKROOT = auto;
				STRING_CATALOG_GENERATE_SYMBOLS = YES;
				SUPPORTED_PLATFORMS = "iphoneos iphonesimulator macosx xros xrsimulator";
				SWIFT_DEFAULT_ACTOR_ISOLATION = MainActor;
				SWIFT_EMIT_LOC_STRINGS = YES;
				SWIFT_UPCOMING_FEATURE_MEMBER_IMPORT_VISIBILITY = YES;
				SWIFT_VERSION = 5.0;
				TARGETED_DEVICE_FAMILY = "1,2,7";
				XROS_DEPLOYMENT_TARGET = 26.0;
			};
			name = Debug;
		};
		BEBC5E6D2E05826C004B38DB /* Release */ = {
			isa = XCBuildConfiguration;
			buildSettings = {
				ASSETCATALOG_COMPILER_APPICON_NAME = AppIcon;
				ASSETCATALOG_COMPILER_GLOBAL_ACCENT_COLOR_NAME = AccentColor;
				AUTOMATION_APPLE_EVENTS = NO;
				"CODE_SIGN_ENTITLEMENTS[sdk=*]" = TabLift.entitlements;
				"CODE_SIGN_IDENTITY[sdk=macosx*]" = "Apple Development";
				CODE_SIGN_STYLE = Automatic;
				CURRENT_PROJECT_VERSION = 1.8;
				DEVELOPMENT_TEAM = 3VR9A5DCST;
				ENABLE_APP_SANDBOX = NO;
				ENABLE_HARDENED_RUNTIME = YES;
				ENABLE_PREVIEWS = YES;
				ENABLE_RESOURCE_ACCESS_PHOTO_LIBRARY = NO;
				GENERATE_INFOPLIST_FILE = YES;
				INFOPLIST_FILE = Info.plist;
				INFOPLIST_KEY_LSApplicationCategoryType = "public.app-category.productivity";
				"INFOPLIST_KEY_UIApplicationSceneManifest_Generation[sdk=iphoneos*]" = YES;
				"INFOPLIST_KEY_UIApplicationSceneManifest_Generation[sdk=iphonesimulator*]" = YES;
				"INFOPLIST_KEY_UIApplicationSupportsIndirectInputEvents[sdk=iphoneos*]" = YES;
				"INFOPLIST_KEY_UIApplicationSupportsIndirectInputEvents[sdk=iphonesimulator*]" = YES;
				"INFOPLIST_KEY_UILaunchScreen_Generation[sdk=iphoneos*]" = YES;
				"INFOPLIST_KEY_UILaunchScreen_Generation[sdk=iphonesimulator*]" = YES;
				"INFOPLIST_KEY_UIStatusBarStyle[sdk=iphoneos*]" = UIStatusBarStyleDefault;
				"INFOPLIST_KEY_UIStatusBarStyle[sdk=iphonesimulator*]" = UIStatusBarStyleDefault;
				INFOPLIST_KEY_UISupportedInterfaceOrientations_iPad = "UIInterfaceOrientationPortrait UIInterfaceOrientationPortraitUpsideDown UIInterfaceOrientationLandscapeLeft UIInterfaceOrientationLandscapeRight";
				INFOPLIST_KEY_UISupportedInterfaceOrientations_iPhone = "UIInterfaceOrientationPortrait UIInterfaceOrientationLandscapeLeft UIInterfaceOrientationLandscapeRight";
				IPHONEOS_DEPLOYMENT_TARGET = 26.0;
				LD_RUNPATH_SEARCH_PATHS = "@executable_path/Frameworks";
				"LD_RUNPATH_SEARCH_PATHS[sdk=macosx*]" = "@executable_path/../Frameworks";
				MACOSX_DEPLOYMENT_TARGET = 13.5;
				MARKETING_VERSION = 1.8;
				PRODUCT_BUNDLE_IDENTIFIER = com.TabLift;
				PRODUCT_NAME = "$(TARGET_NAME)";
				REGISTER_APP_GROUPS = YES;
				RUNTIME_EXCEPTION_ALLOW_DYLD_ENVIRONMENT_VARIABLES = NO;
				RUNTIME_EXCEPTION_ALLOW_JIT = NO;
				RUNTIME_EXCEPTION_ALLOW_UNSIGNED_EXECUTABLE_MEMORY = NO;
				RUNTIME_EXCEPTION_DEBUGGING_TOOL = NO;
				RUNTIME_EXCEPTION_DISABLE_EXECUTABLE_PAGE_PROTECTION = NO;
				RUNTIME_EXCEPTION_DISABLE_LIBRARY_VALIDATION = NO;
				SDKROOT = auto;
				STRING_CATALOG_GENERATE_SYMBOLS = YES;
				SUPPORTED_PLATFORMS = "iphoneos iphonesimulator macosx xros xrsimulator";
				SWIFT_DEFAULT_ACTOR_ISOLATION = MainActor;
				SWIFT_EMIT_LOC_STRINGS = YES;
				SWIFT_UPCOMING_FEATURE_MEMBER_IMPORT_VISIBILITY = YES;
				SWIFT_VERSION = 5.0;
				TARGETED_DEVICE_FAMILY = "1,2,7";
				XROS_DEPLOYMENT_TARGET = 26.0;
			};
			name = Release;
		};
/* End XCBuildConfiguration section */

/* Begin XCConfigurationList section */
		BEBC5E452E05826B004B38DB /* Build configuration list for PBXProject "TabLift" */ = {
			isa = XCConfigurationList;
			buildConfigurations = (
				BEBC5E692E05826C004B38DB /* Debug */,
				BEBC5E6A2E05826C004B38DB /* Release */,
			);
			defaultConfigurationIsVisible = 0;
			defaultConfigurationName = Release;
		};
		BEBC5E6B2E05826C004B38DB /* Build configuration list for PBXNativeTarget "TabLift" */ = {
			isa = XCConfigurationList;
			buildConfigurations = (
				BEBC5E6C2E05826C004B38DB /* Debug */,
				BEBC5E6D2E05826C004B38DB /* Release */,
			);
			defaultConfigurationIsVisible = 0;
			defaultConfigurationName = Release;
		};
/* End XCConfigurationList section */

/* Begin XCRemoteSwiftPackageReference section */
		BE5209C72E117B560048CC49 /* XCRemoteSwiftPackageReference "Defaults" */ = {
			isa = XCRemoteSwiftPackageReference;
			repositoryURL = "https://github.com/sindresorhus/Defaults";
			requirement = {
				kind = upToNextMajorVersion;
				minimumVersion = 9.0.3;
			};
		};
		BE5209CC2E117BBC0048CC49 /* XCRemoteSwiftPackageReference "Sparkle" */ = {
			isa = XCRemoteSwiftPackageReference;
			repositoryURL = "https://github.com/sparkle-project/Sparkle";
			requirement = {
				kind = upToNextMajorVersion;
				minimumVersion = 2.7.1;
			};
		};
		BE5209D32E117C790048CC49 /* XCRemoteSwiftPackageReference "Version" */ = {
			isa = XCRemoteSwiftPackageReference;
			repositoryURL = "https://github.com/mrackwitz/Version";
			requirement = {
				kind = upToNextMajorVersion;
				minimumVersion = 0.8.0;
			};
		};
/* End XCRemoteSwiftPackageReference section */

/* Begin XCSwiftPackageProductDependency section */
		BE5209C82E117B560048CC49 /* Defaults */ = {
			isa = XCSwiftPackageProductDependency;
			package = BE5209C72E117B560048CC49 /* XCRemoteSwiftPackageReference "Defaults" */;
			productName = Defaults;
		};
		BE5209CA2E117B560048CC49 /* DefaultsMacros */ = {
			isa = XCSwiftPackageProductDependency;
			package = BE5209C72E117B560048CC49 /* XCRemoteSwiftPackageReference "Defaults" */;
			productName = DefaultsMacros;
		};
		BE5209CD2E117BBC0048CC49 /* Sparkle */ = {
			isa = XCSwiftPackageProductDependency;
			package = BE5209CC2E117BBC0048CC49 /* XCRemoteSwiftPackageReference "Sparkle" */;
			productName = Sparkle;
		};
		BE5209D42E117C790048CC49 /* Version */ = {
			isa = XCSwiftPackageProductDependency;
			package = BE5209D32E117C790048CC49 /* XCRemoteSwiftPackageReference "Version" */;
			productName = Version;
		};
/* End XCSwiftPackageProductDependency section */
	};
	rootObject = BEBC5E422E05826B004B38DB /* Project object */;
}
